
Microsoft Visual Studio Solution File, Format Version 12.00
# Visual Studio Version 16
VisualStudioVersion = 16.0.31605.320
MinimumVisualStudioVersion = 10.0.40219.1
Project("{FAE04EC0-301F-11D3-BF4B-00C04F79EFBC}") = "Notes.Api", "Notes.Api\Notes.Api.csproj", "{52EB0CB3-6B37-4B31-BA27-B918EB68DFBD}"
EndProject
Project("{FAE04EC0-301F-11D3-BF4B-00C04F79EFBC}") = "Notes.Services", "Notes.Services\Notes.Services.csproj", "{79A8203A-154E-467E-86FB-B5497140A010}"
EndProject
Project("{FAE04EC0-301F-11D3-BF4B-00C04F79EFBC}") = "Notes.Db", "Notes.Db\Notes.Db.csproj", "{A0E2BF32-E82E-4B23-9A88-48701169BB85}"
EndProject
Global
	GlobalSection(SolutionConfigurationPlatforms) = preSolution
		Debug|Any CPU = Debug|Any CPU
		Release|Any CPU = Release|Any CPU
	EndGlobalSection
	GlobalSection(ProjectConfigurationPlatforms) = postSolution
		{52EB0CB3-6B37-4B31-BA27-B918EB68DFBD}.Debug|Any CPU.ActiveCfg = Debug|Any CPU
		{52EB0CB3-6B37-4B31-BA27-B918EB68DFBD}.Debug|Any CPU.Build.0 = Debug|Any CPU
		{52EB0CB3-6B37-4B31-BA27-B918EB68DFBD}.Release|Any CPU.ActiveCfg = Release|Any CPU
		{52EB0CB3-6B37-4B31-BA27-B918EB68DFBD}.Release|Any CPU.Build.0 = Release|Any CPU
		{79A8203A-154E-467E-86FB-B5497140A010}.Debug|Any CPU.ActiveCfg = Debug|Any CPU
		{79A8203A-154E-467E-86FB-B5497140A010}.Debug|Any CPU.Build.0 = Debug|Any CPU
		{79A8203A-154E-467E-86FB-B5497140A010}.Release|Any CPU.ActiveCfg = Release|Any CPU
		{79A8203A-154E-467E-86FB-B5497140A010}.Release|Any CPU.Build.0 = Release|Any CPU
		{A0E2BF32-E82E-4B23-9A88-48701169BB85}.Debug|Any CPU.ActiveCfg = Debug|Any CPU
		{A0E2BF32-E82E-4B23-9A88-48701169BB85}.Debug|Any CPU.Build.0 = Debug|Any CPU
		{A0E2BF32-E82E-4B23-9A88-48701169BB85}.Release|Any CPU.ActiveCfg = Release|Any CPU
		{A0E2BF32-E82E-4B23-9A88-48701169BB85}.Release|Any CPU.Build.0 = Release|Any CPU
	EndGlobalSection
	GlobalSection(SolutionProperties) = preSolution
		HideSolutionNode = FALSE
	EndGlobalSection
	GlobalSection(ExtensibilityGlobals) = postSolution
		SolutionGuid = {1FCAAC79-8D02-410B-86AE-D1985474C8F8}
	EndGlobalSection
EndGlobal
